
Microsoft Visual Studio Solution File, Format Version 12.00
# Visual Studio Version 16
VisualStudioVersion = 16.0.32228.343
MinimumVisualStudioVersion = 10.0.40219.1
Project("{FAE04EC0-301F-11D3-BF4B-00C04F79EFBC}") = "TRP3", "TRP3\TRP3.csproj", "{B82939EE-1318-4279-8C0F-3348900CD946}"
EndProject
Global
	GlobalSection(SolutionConfigurationPlatforms) = preSolution
		Debug|Any CPU = Debug|Any CPU
		Release|Any CPU = Release|Any CPU
	EndGlobalSection
	GlobalSection(ProjectConfigurationPlatforms) = postSolution
		{B82939EE-1318-4279-8C0F-3348900CD946}.Debug|Any CPU.ActiveCfg = Debug|Any CPU
		{B82939EE-1318-4279-8C0F-3348900CD946}.Debug|Any CPU.Build.0 = Debug|Any CPU
		{B82939EE-1318-4279-8C0F-3348900CD946}.Release|Any CPU.ActiveCfg = Release|Any CPU
		{B82939EE-1318-4279-8C0F-3348900CD946}.Release|Any CPU.Build.0 = Release|Any CPU
	EndGlobalSection
	GlobalSection(SolutionProperties) = preSolution
		HideSolutionNode = FALSE
	EndGlobalSection
	GlobalSection(ExtensibilityGlobals) = postSolution
		SolutionGuid = {AE84FE45-A528-4807-9C64-3F7C6A53CF9B}
	EndGlobalSection
EndGlobal
